<Solution>
  <Folder Name="/Tests/" />
  <Folder Name="/Tests/Integration/">
    <Project Path="MyApp.IntegrationTests\MyApp.IntegrationTests.csproj" />
  </Folder>
  <Folder Name="/Tests/Unit/">
    <Project Path="MyApp.Data.UnitTests/MyApp.Data.UnitTests.csproj" />
    <Project Path="MyApp.Domain.UnitTests/MyApp.Domain.UnitTests.csproj" />
    <Project Path="MyApp.Presentation.UnitTests/MyApp.Presentation.UnitTests.csproj" />
  </Folder>
  <Project Path="MyApp.Data\MyApp.Data.csproj" />
  <Project Path="MyApp.Domain\MyApp.Domain.csproj" />
  <Project Path="MyApp.Presentation/MyApp.Presentation.csproj" />
</Solution>
